// !$*UTF8*$!
{
	archiveVersion = 1;
	classes = {
	};
	objectVersion = 46;
	objects = {

/* Begin PBXBuildFile section */
		E67ED83719E55B3A00E78EA8 /* main.m in Sources */ = {isa = PBXBuildFile; fileRef = E67ED83619E55B3A00E78EA8 /* main.m */; };
		E67ED83A19E55B3A00E78EA8 /* AppDelegate.m in Sources */ = {isa = PBXBuildFile; fileRef = E67ED83919E55B3A00E78EA8 /* AppDelegate.m */; };
		E67ED83D19E55B3A00E78EA8 /* FirstViewController.m in Sources */ = {isa = PBXBuildFile; fileRef = E67ED83C19E55B3A00E78EA8 /* FirstViewController.m */; };
		E67ED84019E55B3A00E78EA8 /* SecondViewController.m in Sources */ = {isa = PBXBuildFile; fileRef = E67ED83F19E55B3A00E78EA8 /* SecondViewController.m */; };
		E67ED84319E55B3A00E78EA8 /* Main.storyboard in Resources */ = {isa = PBXBuildFile; fileRef = E67ED84119E55B3A00E78EA8 /* Main.storyboard */; };
		E67ED84519E55B3A00E78EA8 /* Images.xcassets in Resources */ = {isa = PBXBuildFile; fileRef = E67ED84419E55B3A00E78EA8 /* Images.xcassets */; };
		E67ED84819E55B3A00E78EA8 /* LaunchScreen.xib in Resources */ = {isa = PBXBuildFile; fileRef = E67ED84619E55B3A00E78EA8 /* LaunchScreen.xib */; };
		E67ED85419E55B3B00E78EA8 /* ShareRoadTests.m in Sources */ = {isa = PBXBuildFile; fileRef = E67ED85319E55B3B00E78EA8 /* ShareRoadTests.m */; };
/* End PBXBuildFile section */

/* Begin PBXContainerItemProxy section */
		E67ED84E19E55B3B00E78EA8 /* PBXContainerItemProxy */ = {
			isa = PBXContainerItemProxy;
			containerPortal = E67ED82919E55B3A00E78EA8 /* Project object */;
			proxyType = 1;
			remoteGlobalIDString = E67ED83019E55B3A00E78EA8;
			remoteInfo = ShareRoad;
		};
/* End PBXContainerItemProxy section */

/* Begin PBXFileReference section */
		E67ED83119E55B3A00E78EA8 /* ShareRoad.app */ = {isa = PBXFileReference; explicitFileType = wrapper.application; includeInIndex = 0; path = ShareRoad.app; sourceTree = BUILT_PRODUCTS_DIR; };
		E67ED83519E55B3A00E78EA8 /* Info.plist */ = {isa = PBXFileReference; lastKnownFileType = text.plist.xml; path = Info.plist; sourceTree = "<group>"; };
		E67ED83619E55B3A00E78EA8 /* main.m */ = {isa = PBXFileReference; lastKnownFileType = sourcecode.c.objc; path = main.m; sourceTree = "<group>"; };
		E67ED83819E55B3A00E78EA8 /* AppDelegate.h */ = {isa = PBXFileReference; lastKnownFileType = sourcecode.c.h; path = AppDelegate.h; sourceTree = "<group>"; };
		E67ED83919E55B3A00E78EA8 /* AppDelegate.m */ = {isa = PBXFileReference; lastKnownFileType = sourcecode.c.objc; path = AppDelegate.m; sourceTree = "<group>"; };
		E67ED83B19E55B3A00E78EA8 /* FirstViewController.h */ = {isa = PBXFileReference; lastKnownFileType = sourcecode.c.h; path = FirstViewController.h; sourceTree = "<group>"; };
		E67ED83C19E55B3A00E78EA8 /* FirstViewController.m */ = {isa = PBXFileReference; lastKnownFileType = sourcecode.c.objc; path = FirstViewController.m; sourceTree = "<group>"; };
		E67ED83E19E55B3A00E78EA8 /* SecondViewController.h */ = {isa = PBXFileReference; lastKnownFileType = sourcecode.c.h; path = SecondViewController.h; sourceTree = "<group>"; };
		E67ED83F19E55B3A00E78EA8 /* SecondViewController.m */ = {isa = PBXFileReference; lastKnownFileType = sourcecode.c.objc; path = SecondViewController.m; sourceTree = "<group>"; };
		E67ED84219E55B3A00E78EA8 /* Base */ = {isa = PBXFileReference; lastKnownFileType = file.storyboard; name = Base; path = Base.lproj/Main.storyboard; sourceTree = "<group>"; };
		E67ED84419E55B3A00E78EA8 /* Images.xcassets */ = {isa = PBXFileReference; lastKnownFileType = folder.assetcatalog; path = Images.xcassets; sourceTree = "<group>"; };
		E67ED84719E55B3A00E78EA8 /* Base */ = {isa = PBXFileReference; lastKnownFileType = file.xib; name = Base; path = Base.lproj/LaunchScreen.xib; sourceTree = "<group>"; };
		E67ED84D19E55B3A00E78EA8 /* ShareRoadTests.xctest */ = {isa = PBXFileReference; explicitFileType = wrapper.cfbundle; includeInIndex = 0; path = ShareRoadTests.xctest; sourceTree = BUILT_PRODUCTS_DIR; };
		E67ED85219E55B3B00E78EA8 /* Info.plist */ = {isa = PBXFileReference; lastKnownFileType = text.plist.xml; path = Info.plist; sourceTree = "<group>"; };
		E67ED85319E55B3B00E78EA8 /* ShareRoadTests.m */ = {isa = PBXFileReference; lastKnownFileType = sourcecode.c.objc; path = ShareRoadTests.m; sourceTree = "<group>"; };
/* End PBXFileReference section */

/* Begin PBXFrameworksBuildPhase section */
		E67ED82E19E55B3A00E78EA8 /* Frameworks */ = {
			isa = PBXFrameworksBuildPhase;
			buildActionMask = 2147483647;
			files = (
			);
			runOnlyForDeploymentPostprocessing = 0;
		};
		E67ED84A19E55B3A00E78EA8 /* Frameworks */ = {
			isa = PBXFrameworksBuildPhase;
			buildActionMask = 2147483647;
			files = (
			);
			runOnlyForDeploymentPostprocessing = 0;
		};
/* End PBXFrameworksBuildPhase section */

/* Begin PBXGroup section */
		E67ED82819E55B3A00E78EA8 = {
			isa = PBXGroup;
			children = (
				E67ED83319E55B3A00E78EA8 /* ShareRoad */,
				E67ED85019E55B3B00E78EA8 /* ShareRoadTests */,
				E67ED83219E55B3A00E78EA8 /* Products */,
			);
			sourceTree = "<group>";
		};
		E67ED83219E55B3A00E78EA8 /* Products */ = {
			isa = PBXGroup;
			children = (
				E67ED83119E55B3A00E78EA8 /* ShareRoad.app */,
				E67ED84D19E55B3A00E78EA8 /* ShareRoadTests.xctest */,
			);
			name = Products;
			sourceTree = "<group>";
		};
		E67ED83319E55B3A00E78EA8 /* ShareRoad */ = {
			isa = PBXGroup;
			children = (
				E67ED83819E55B3A00E78EA8 /* AppDelegate.h */,
				E67ED83919E55B3A00E78EA8 /* AppDelegate.m */,
				E67ED83B19E55B3A00E78EA8 /* FirstViewController.h */,
				E67ED83C19E55B3A00E78EA8 /* FirstViewController.m */,
				E67ED83E19E55B3A00E78EA8 /* SecondViewController.h */,
				E67ED83F19E55B3A00E78EA8 /* SecondViewController.m */,
				E67ED84119E55B3A00E78EA8 /* Main.storyboard */,
				E67ED84419E55B3A00E78EA8 /* Images.xcassets */,
				E67ED84619E55B3A00E78EA8 /* LaunchScreen.xib */,
				E67ED83419E55B3A00E78EA8 /* Supporting Files */,
			);
			path = ShareRoad;
			sourceTree = "<group>";
		};
		E67ED83419E55B3A00E78EA8 /* Supporting Files */ = {
			isa = PBXGroup;
			children = (
				E67ED83519E55B3A00E78EA8 /* Info.plist */,
				E67ED83619E55B3A00E78EA8 /* main.m */,
			);
			name = "Supporting Files";
			sourceTree = "<group>";
		};
		E67ED85019E55B3B00E78EA8 /* ShareRoadTests */ = {
			isa = PBXGroup;
			children = (
				E67ED85319E55B3B00E78EA8 /* ShareRoadTests.m */,
				E67ED85119E55B3B00E78EA8 /* Supporting Files */,
			);
			path = ShareRoadTests;
			sourceTree = "<group>";
		};
		E67ED85119E55B3B00E78EA8 /* Supporting Files */ = {
			isa = PBXGroup;
			children = (
				E67ED85219E55B3B00E78EA8 /* Info.plist */,
			);
			name = "Supporting Files";
			sourceTree = "<group>";
		};
/* End PBXGroup section */

/* Begin PBXNativeTarget section */
		E67ED83019E55B3A00E78EA8 /* ShareRoad */ = {
			isa = PBXNativeTarget;
			buildConfigurationList = E67ED85719E55B3B00E78EA8 /* Build configuration list for PBXNativeTarget "ShareRoad" */;
			buildPhases = (
				E67ED82D19E55B3A00E78EA8 /* Sources */,
				E67ED82E19E55B3A00E78EA8 /* Frameworks */,
				E67ED82F19E55B3A00E78EA8 /* Resources */,
			);
			buildRules = (
			);
			dependencies = (
			);
			name = ShareRoad;
			productName = ShareRoad;
			productReference = E67ED83119E55B3A00E78EA8 /* ShareRoad.app */;
			productType = "com.apple.product-type.application";
		};
		E67ED84C19E55B3A00E78EA8 /* ShareRoadTests */ = {
			isa = PBXNativeTarget;
			buildConfigurationList = E67ED85A19E55B3B00E78EA8 /* Build configuration list for PBXNativeTarget "ShareRoadTests" */;
			buildPhases = (
				E67ED84919E55B3A00E78EA8 /* Sources */,
				E67ED84A19E55B3A00E78EA8 /* Frameworks */,
				E67ED84B19E55B3A00E78EA8 /* Resources */,
			);
			buildRules = (
			);
			dependencies = (
				E67ED84F19E55B3B00E78EA8 /* PBXTargetDependency */,
			);
			name = ShareRoadTests;
			productName = ShareRoadTests;
			productReference = E67ED84D19E55B3A00E78EA8 /* ShareRoadTests.xctest */;
			productType = "com.apple.product-type.bundle.unit-test";
		};
/* End PBXNativeTarget section */

/* Begin PBXProject section */
		E67ED82919E55B3A00E78EA8 /* Project object */ = {
			isa = PBXProject;
			attributes = {
				LastUpgradeCheck = 0600;
				ORGANIZATIONNAME = "枫叶";
				TargetAttributes = {
					E67ED83019E55B3A00E78EA8 = {
						CreatedOnToolsVersion = 6.0.1;
						DevelopmentTeam = EYK6J4JA87;
					};
					E67ED84C19E55B3A00E78EA8 = {
						CreatedOnToolsVersion = 6.0.1;
						TestTargetID = E67ED83019E55B3A00E78EA8;
					};
				};
			};
			buildConfigurationList = E67ED82C19E55B3A00E78EA8 /* Build configuration list for PBXProject "ShareRoad" */;
			compatibilityVersion = "Xcode 3.2";
			developmentRegion = English;
			hasScannedForEncodings = 0;
			knownRegions = (
				en,
				Base,
			);
			mainGroup = E67ED82819E55B3A00E78EA8;
			productRefGroup = E67ED83219E55B3A00E78EA8 /* Products */;
			projectDirPath = "";
			projectRoot = "";
			targets = (
				E67ED83019E55B3A00E78EA8 /* ShareRoad */,
				E67ED84C19E55B3A00E78EA8 /* ShareRoadTests */,
			);
		};
/* End PBXProject section */

/* Begin PBXResourcesBuildPhase section */
		E67ED82F19E55B3A00E78EA8 /* Resources */ = {
			isa = PBXResourcesBuildPhase;
			buildActionMask = 2147483647;
			files = (
				E67ED84319E55B3A00E78EA8 /* Main.storyboard in Resources */,
				E67ED84819E55B3A00E78EA8 /* LaunchScreen.xib in Resources */,
				E67ED84519E55B3A00E78EA8 /* Images.xcassets in Resources */,
			);
			runOnlyForDeploymentPostprocessing = 0;
		};
		E67ED84B19E55B3A00E78EA8 /* Resources */ = {
			isa = PBXResourcesBuildPhase;
			buildActionMask = 2147483647;
			files = (
			);
			runOnlyForDeploymentPostprocessing = 0;
		};
/* End PBXResourcesBuildPhase section */

/* Begin PBXSourcesBuildPhase section */
		E67ED82D19E55B3A00E78EA8 /* Sources */ = {
			isa = PBXSourcesBuildPhase;
			buildActionMask = 2147483647;
			files = (
				E67ED84019E55B3A00E78EA8 /* SecondViewController.m in Sources */,
				E67ED83A19E55B3A00E78EA8 /* AppDelegate.m in Sources */,
				E67ED83D19E55B3A00E78EA8 /* FirstViewController.m in Sources */,
				E67ED83719E55B3A00E78EA8 /* main.m in Sources */,
			);
			runOnlyForDeploymentPostprocessing = 0;
		};
		E67ED84919E55B3A00E78EA8 /* Sources */ = {
			isa = PBXSourcesBuildPhase;
			buildActionMask = 2147483647;
			files = (
				E67ED85419E55B3B00E78EA8 /* ShareRoadTests.m in Sources */,
			);
			runOnlyForDeploymentPostprocessing = 0;
		};
/* End PBXSourcesBuildPhase section */

/* Begin PBXTargetDependency section */
		E67ED84F19E55B3B00E78EA8 /* PBXTargetDependency */ = {
			isa = PBXTargetDependency;
			target = E67ED83019E55B3A00E78EA8 /* ShareRoad */;
			targetProxy = E67ED84E19E55B3B00E78EA8 /* PBXContainerItemProxy */;
		};
/* End PBXTargetDependency section */

/* Begin PBXVariantGroup section */
		E67ED84119E55B3A00E78EA8 /* Main.storyboard */ = {
			isa = PBXVariantGroup;
			children = (
				E67ED84219E55B3A00E78EA8 /* Base */,
			);
			name = Main.storyboard;
			sourceTree = "<group>";
		};
		E67ED84619E55B3A00E78EA8 /* LaunchScreen.xib */ = {
			isa = PBXVariantGroup;
			children = (
				E67ED84719E55B3A00E78EA8 /* Base */,
			);
			name = LaunchScreen.xib;
			sourceTree = "<group>";
		};
/* End PBXVariantGroup section */

/* Begin XCBuildConfiguration section */
		E67ED85519E55B3B00E78EA8 /* Debug */ = {
			isa = XCBuildConfiguration;
			buildSettings = {
				ALWAYS_SEARCH_USER_PATHS = NO;
				CLANG_CXX_LANGUAGE_STANDARD = "gnu++0x";
				CLANG_CXX_LIBRARY = "libc++";
				CLANG_ENABLE_MODULES = YES;
				CLANG_ENABLE_OBJC_ARC = YES;
				CLANG_WARN_BOOL_CONVERSION = YES;
				CLANG_WARN_CONSTANT_CONVERSION = YES;
				CLANG_WARN_DIRECT_OBJC_ISA_USAGE = YES_ERROR;
				CLANG_WARN_EMPTY_BODY = YES;
				CLANG_WARN_ENUM_CONVERSION = YES;
				CLANG_WARN_INT_CONVERSION = YES;
				CLANG_WARN_OBJC_ROOT_CLASS = YES_ERROR;
				CLANG_WARN_UNREACHABLE_CODE = YES;
				CLANG_WARN__DUPLICATE_METHOD_MATCH = YES;
				"CODE_SIGN_IDENTITY[sdk=iphoneos*]" = "iPhone Developer";
				COPY_PHASE_STRIP = NO;
				ENABLE_STRICT_OBJC_MSGSEND = YES;
				GCC_C_LANGUAGE_STANDARD = gnu99;
				GCC_DYNAMIC_NO_PIC = NO;
				GCC_OPTIMIZATION_LEVEL = 0;
				GCC_PREPROCESSOR_DEFINITIONS = (
					"DEBUG=1",
					"$(inherited)",
				);
				GCC_SYMBOLS_PRIVATE_EXTERN = NO;
				GCC_WARN_64_TO_32_BIT_CONVERSION = YES;
				GCC_WARN_ABOUT_RETURN_TYPE = YES_ERROR;
				GCC_WARN_UNDECLARED_SELECTOR = YES;
				GCC_WARN_UNINITIALIZED_AUTOS = YES_AGGRESSIVE;
				GCC_WARN_UNUSED_FUNCTION = YES;
				GCC_WARN_UNUSED_VARIABLE = YES;
				IPHONEOS_DEPLOYMENT_TARGET = 8.0;
				MTL_ENABLE_DEBUG_INFO = YES;
				ONLY_ACTIVE_ARCH = YES;
				SDKROOT = iphoneos;
			};
			name = Debug;
		};
		E67ED85619E55B3B00E78EA8 /* Release */ = {
			isa = XCBuildConfiguration;
			buildSettings = {
				ALWAYS_SEARCH_USER_PATHS = NO;
				CLANG_CXX_LANGUAGE_STANDARD = "gnu++0x";
				CLANG_CXX_LIBRARY = "libc++";
				CLANG_ENABLE_MODULES = YES;
				CLANG_ENABLE_OBJC_ARC = YES;
				CLANG_WARN_BOOL_CONVERSION = YES;
				CLANG_WARN_CONSTANT_CONVERSION = YES;
				CLANG_WARN_DIRECT_OBJC_ISA_USAGE = YES_ERROR;
				CLANG_WARN_EMPTY_BODY = YES;
				CLANG_WARN_ENUM_CONVERSION = YES;
				CLANG_WARN_INT_CONVERSION = YES;
				CLANG_WARN_OBJC_ROOT_CLASS = YES_ERROR;
				CLANG_WARN_UNREACHABLE_CODE = YES;
				CLANG_WARN__DUPLICATE_METHOD_MATCH = YES;
				"CODE_SIGN_IDENTITY[sdk=iphoneos*]" = "iPhone Developer";
				COPY_PHASE_STRIP = YES;
				ENABLE_NS_ASSERTIONS = NO;
				ENABLE_STRICT_OBJC_MSGSEND = YES;
				GCC_C_LANGUAGE_STANDARD = gnu99;
				GCC_WARN_64_TO_32_BIT_CONVERSION = YES;
				GCC_WARN_ABOUT_RETURN_TYPE = YES_ERROR;
				GCC_WARN_UNDECLARED_SELECTOR = YES;
				GCC_WARN_UNINITIALIZED_AUTOS = YES_AGGRESSIVE;
				GCC_WARN_UNUSED_FUNCTION = YES;
				GCC_WARN_UNUSED_VARIABLE = YES;
				IPHONEOS_DEPLOYMENT_TARGET = 8.0;
				MTL_ENABLE_DEBUG_INFO = NO;
				SDKROOT = iphoneos;
				VALIDATE_PRODUCT = YES;
			};
			name = Release;
		};
		E67ED85819E55B3B00E78EA8 /* Debug */ = {
			isa = XCBuildConfiguration;
			buildSettings = {
				ASSETCATALOG_COMPILER_APPICON_NAME = AppIcon;
				CODE_SIGN_IDENTITY = "iPhone Developer";
				INFOPLIST_FILE = ShareRoad/Info.plist;
				IPHONEOS_DEPLOYMENT_TARGET = 6.0;
				LD_RUNPATH_SEARCH_PATHS = "$(inherited) @executable_path/Frameworks";
				PRODUCT_NAME = "$(TARGET_NAME)";
			};
			name = Debug;
		};
		E67ED85919E55B3B00E78EA8 /* Release */ = {
			isa = XCBuildConfiguration;
			buildSettings = {
				ASSETCATALOG_COMPILER_APPICON_NAME = AppIcon;
				CODE_SIGN_IDENTITY = "iPhone Developer";
				INFOPLIST_FILE = ShareRoad/Info.plist;
				IPHONEOS_DEPLOYMENT_TARGET = 6.0;
				LD_RUNPATH_SEARCH_PATHS = "$(inherited) @executable_path/Frameworks";
				PRODUCT_NAME = "$(TARGET_NAME)";
			};
			name = Release;
		};
		E67ED85B19E55B3B00E78EA8 /* Debug */ = {
			isa = XCBuildConfiguration;
			buildSettings = {
				BUNDLE_LOADER = "$(TEST_HOST)";
				FRAMEWORK_SEARCH_PATHS = (
					"$(SDKROOT)/Developer/Library/Frameworks",
					"$(inherited)",
				);
				GCC_PREPROCESSOR_DEFINITIONS = (
					"DEBUG=1",
					"$(inherited)",
				);
				INFOPLIST_FILE = ShareRoadTests/Info.plist;
				LD_RUNPATH_SEARCH_PATHS = "$(inherited) @executable_path/Frameworks @loader_path/Frameworks";
				PRODUCT_NAME = "$(TARGET_NAME)";
				TEST_HOST = "$(BUILT_PRODUCTS_DIR)/ShareRoad.app/ShareRoad";
			};
			name = Debug;
		};
		E67ED85C19E55B3B00E78EA8 /* Release */ = {
			isa = XCBuildConfiguration;
			buildSettings = {
				BUNDLE_LOADER = "$(TEST_HOST)";
				FRAMEWORK_SEARCH_PATHS = (
					"$(SDKROOT)/Developer/Library/Frameworks",
					"$(inherited)",
				);
				INFOPLIST_FILE = ShareRoadTests/Info.plist;
				LD_RUNPATH_SEARCH_PATHS = "$(inherited) @executable_path/Frameworks @loader_path/Frameworks";
				PRODUCT_NAME = "$(TARGET_NAME)";
				TEST_HOST = "$(BUILT_PRODUCTS_DIR)/ShareRoad.app/ShareRoad";
			};
			name = Release;
		};
/* End XCBuildConfiguration section */

/* Begin XCConfigurationList section */
		E67ED82C19E55B3A00E78EA8 /* Build configuration list for PBXProject "ShareRoad" */ = {
			isa = XCConfigurationList;
			buildConfigurations = (
				E67ED85519E55B3B00E78EA8 /* Debug */,
				E67ED85619E55B3B00E78EA8 /* Release */,
			);
			defaultConfigurationIsVisible = 0;
			defaultConfigurationName = Release;
		};
		E67ED85719E55B3B00E78EA8 /* Build configuration list for PBXNativeTarget "ShareRoad" */ = {
			isa = XCConfigurationList;
			buildConfigurations = (
				E67ED85819E55B3B00E78EA8 /* Debug */,
				E67ED85919E55B3B00E78EA8 /* Release */,
			);
			defaultConfigurationIsVisible = 0;
		};
		E67ED85A19E55B3B00E78EA8 /* Build configuration list for PBXNativeTarget "ShareRoadTests" */ = {
			isa = XCConfigurationList;
			buildConfigurations = (
				E67ED85B19E55B3B00E78EA8 /* Debug */,
				E67ED85C19E55B3B00E78EA8 /* Release */,
			);
			defaultConfigurationIsVisible = 0;
		};
/* End XCConfigurationList section */
	};
	rootObject = E67ED82919E55B3A00E78EA8 /* Project object */;
}
